github.com/davecgh/go-spew v1.1.0/go.mod h1:J7Y8YcW2NihsgmVo/mv3lAwl/skON4iLHjSsI+c5H38=
github.com/davecgh/go-spew v1.1.1 h1:vj9j/u1bqnvCEfJOwUhtlOARqs3+rkHYY13jYWTU97c=
github.com/davecgh/go-spew v1.1.1/go.mod h1:J7Y8YcW2NihsgmVo/mv3lAwl/skON4iLHjSsI+c5H38=
github.com/golang/crypto v0.0.0-20190418165655-df01cb2cc480 h1:nT2Q69o++qi4aL/3w3NWpemH6bNINqfJWym3+HKtE9w=
github.com/golang/crypto v0.0.0-20190418165655-df01cb2cc480/go.mod h1:WFFai1msRO1wXaEeE5yQxYXgSfI8pQAWXbQop6sCtWE=
github.com/golang/net v0.0.0-20190420063019-afa5a82059c6/go.mod h1:t9HGtf8HONx5eT2rtn7q6eTqICYqUVnKs3thJo3Qplg=
github.com/golang/sys v0.0.0-20190419153524-e8e3143a4f4a h1:5bYuhgnDII4NSAAw1wRU+pCovYhB/AqYVmsK2JDnK2k=
github.com/golang/sys v0.0.0-20190419153524-e8e3143a4f4a/go.mod h1:h1NjWce9XRLGQEsW7wpKNCjG9DtNlClVuFLEZdDNbEs=
github.com/golang/text v0.3.1-0.20190410012825-f4905fbd45b6/go.mod h1:bEr9sfX3Q8Zfm5fL9x+3itogRgK3+ptLWKqgva+5dAk=
github.com/golang/tools v0.0.0-20190420181800-aa740d480789 h1:Hy7qvbkxWJIZIprJ2rgaRVarxDIv9yfIDGXLocU3irs=
github.com/golang/tools v0.0.0-20190420181800-aa740d480789/go.mod h1:LCzVGOaR6xXOjkQ3onu1FJEFr0SW1gC7cKk1uF8kGRs=
github.com/gopherjs/gopherjs v0.0.0-20190411002643-bd77b112433e h1:XWcjeEtTFTOVA9Fs1w7n2XBftk5ib4oZrhzWk0B+3eA=
github.com/gopherjs/gopherjs v0.0.0-20190411002643-bd77b112433e/go.mod h1:wJfORRmW1u3UXTncJ5qlYoELFm8eSnnEO6hX4iZ3EWY=
github.com/konsorten/go-windows-terminal-sequences v1.0.1/go.mod h1:T0+1ngSBFLxvqU3pZ+m/2kptfBszLMUkC4ZK/EgS/cQ=
github.com/konsorten/go-windows-terminal-sequences v1.0.2 h1:DB17ag19krx9CFsz4o3enTrPXyIXCl+2iCXH/aMAp9s=
github.com/konsorten/go-windows-terminal-sequences v1.0.2/go.mod h1:T0+1ngSBFLxvqU3pZ+m/2kptfBszLMUkC4ZK/EgS/cQ=
github.com/pmezard/go-difflib v1.0.0 h1:4DBwDE0NGyQoBHbLQYPwSUPoCMWR5BEzIk/f1lZbAQM=
github.com/pmezard/go-difflib v1.0.0/go.mod h1:iKH77koFhYxTK1pcRnkKkqfTogsbg7gZNVY4sRDYZ/4=
github.com/sirupsen/logrus v1.4.1 h1:GL2rEmy6nsikmW0r8opw9JIRScdMF5hA8cOYLH7In1k=
github.com/sirupsen/logrus v1.4.1/go.mod h1:ni0Sbl8bgC9z8RoU9G6nDWqqs/fq4eDPysMBDgk/93Q=
github.com/stretchr/objx v0.1.0/go.mod h1:HFkY916IF+rwdDfMAkV7OtwuqBVzrE8GR6GFx+wExME=
github.com/stretchr/objx v0.1.1/go.mod h1:HFkY916IF+rwdDfMAkV7OtwuqBVzrE8GR6GFx+wExME=
github.com/stretchr/objx v0.2.0/go.mod h1:qt09Ya8vawLte6SNmTgCsAVtYtaKzEcn8ATUoHMkEqE=
github.com/stretchr/testify v1.2.2/go.mod h1:a8OnRcib4nhh0OaRAV+Yts87kKdq0PP7pXfy6kDkUVs=
github.com/stretchr/testify v1.3.0 h1:TivCn/peBQ7UY8ooIcPgZFpTNSz0Q2U6UrFlUfqbe0Q=
github.com/stretchr/testify v1.3.0/go.mod h1:M5WIy9Dh21IEIfnGCwXGc5bZfKNJtfHm1UVUgZn+9EI=
github.com/therecipe/env_darwin_amd64_513 v0.0.0-20190626001412-d8e92e8db4d0 h1:Txh3Vvzx49BQg6OwSuYqOGNndpCWPYScIpEgK5BcGpc=
github.com/therecipe/env_darwin_amd64_513 v0.0.0-20190626001412-d8e92e8db4d0/go.mod h1:mdZdqBBs62KM68t1wD7rjG2NumvwuSNLqmMetEAqI14=
github.com/therecipe/env_linux_amd64_513 v0.0.0-20190626000307-e137a3934da6 h1:i0/LROzMqqMuHJ9gPeH2+So1Icle7zSVRqzXR4Z75hw=
github.com/therecipe/env_linux_amd64_513 v0.0.0-20190626000307-e137a3934da6/go.mod h1:Cq/lZrZTuGhRckzJgZFONK4WCE67AssWhHYj82U5FFI=
github.com/therecipe/env_windows_amd64_513 v0.0.0-20190626000028-79ec8bd06fb2 h1:dpqvgFCZRuxwiJhWVwQZSJ8zDaORf+GiUGxxOGzlQtc=
github.com/therecipe/env_windows_amd64_513 v0.0.0-20190626000028-79ec8bd06fb2/go.mod h1:evzb6PHK/MrRdJyhL1kbQXTfbMu4t4JOLl6iz55ywvk=
github.com/therecipe/env_windows_amd64_513/Tools v0.0.0-20190626000028-79ec8bd06fb2 h1:hM5KSUn4YbSvPuXAWJyywohkDocI+hSEsL+Msc9/FDA=
github.com/therecipe/env_windows_amd64_513/Tools v0.0.0-20190626000028-79ec8bd06fb2/go.mod h1:75GdIZ2clS7WUwhRklktkP02ffFz7+tBx8/Ue8eFexU=
github.com/therecipe/qt/internal/binding/files/docs/5.12.0 v0.0.0-20200126204426-5074eb6d8c41 h1:My9HYsfDI/fJPZGyilw6066buBiZ7pgKRRgAyvKK5lA=
github.com/therecipe/qt/internal/binding/files/docs/5.12.0 v0.0.0-20200126204426-5074eb6d8c41/go.mod h1:7m8PDYDEtEVqfjoUQc2UrFqhG0CDmoVJjRlQxexndFc=
github.com/therecipe/qt/internal/binding/files/docs/5.13.0 v0.0.0-20200126204426-5074eb6d8c41 h1:jTzKrQ6EIPvKw1B9/wwoKJLrXF+ManMsXoUzufxAdsg=
github.com/therecipe/qt/internal/binding/files/docs/5.13.0 v0.0.0-20200126204426-5074eb6d8c41/go.mod h1:mH55Ek7AZcdns5KPp99O0bg+78el64YCYWHiQKrOdt4=
